
Microsoft Visual Studio Solution File, Format Version 12.00
# Visual Studio Version 17
VisualStudioVersion = 17.0.31825.309
MinimumVisualStudioVersion = 10.0.40219.1
Project("{9A19103F-16F7-4668-BE54-9A1E7A4F7556}") = "H2 Øvelser", "H2 Øvelser.csproj", "{0EACBCC4-AC81-462B-8B6A-7C3891947149}"
EndProject
Project("{9A19103F-16F7-4668-BE54-9A1E7A4F7556}") = "FlaskeAutomaten", "..\FlaskeAutomaten\FlaskeAutomaten.csproj", "{CE205D18-C4B8-46AB-B4A1-A0DF498C7E65}"
EndProject
Project("{9A19103F-16F7-4668-BE54-9A1E7A4F7556}") = "ThreadTests", "..\ThreadTests\ThreadTests.csproj", "{72F2A5F9-EFD6-41BD-95DC-F58AC2733554}"
EndProject
Project("{FAE04EC0-301F-11D3-BF4B-00C04F79EFBC}") = "FileTransferClient", "..\FileTransferClient\FileTransferClient.csproj", "{87305103-12AB-4F63-9747-6502C4490C95}"
EndProject
Project("{FAE04EC0-301F-11D3-BF4B-00C04F79EFBC}") = "FileTransferServer", "..\FileTransferServer\FileTransferServer.csproj", "{9623BEF1-AD6F-4632-AC79-707A453ABD77}"
EndProject
Global
	GlobalSection(SolutionConfigurationPlatforms) = preSolution
		Debug|Any CPU = Debug|Any CPU
		Release|Any CPU = Release|Any CPU
	EndGlobalSection
	GlobalSection(ProjectConfigurationPlatforms) = postSolution
		{0EACBCC4-AC81-462B-8B6A-7C3891947149}.Debug|Any CPU.ActiveCfg = Debug|Any CPU
		{0EACBCC4-AC81-462B-8B6A-7C3891947149}.Debug|Any CPU.Build.0 = Debug|Any CPU
		{0EACBCC4-AC81-462B-8B6A-7C3891947149}.Release|Any CPU.ActiveCfg = Release|Any CPU
		{0EACBCC4-AC81-462B-8B6A-7C3891947149}.Release|Any CPU.Build.0 = Release|Any CPU
		{CE205D18-C4B8-46AB-B4A1-A0DF498C7E65}.Debug|Any CPU.ActiveCfg = Debug|Any CPU
		{CE205D18-C4B8-46AB-B4A1-A0DF498C7E65}.Debug|Any CPU.Build.0 = Debug|Any CPU
		{CE205D18-C4B8-46AB-B4A1-A0DF498C7E65}.Release|Any CPU.ActiveCfg = Release|Any CPU
		{CE205D18-C4B8-46AB-B4A1-A0DF498C7E65}.Release|Any CPU.Build.0 = Release|Any CPU
		{72F2A5F9-EFD6-41BD-95DC-F58AC2733554}.Debug|Any CPU.ActiveCfg = Debug|Any CPU
		{72F2A5F9-EFD6-41BD-95DC-F58AC2733554}.Debug|Any CPU.Build.0 = Debug|Any CPU
		{72F2A5F9-EFD6-41BD-95DC-F58AC2733554}.Release|Any CPU.ActiveCfg = Release|Any CPU
		{72F2A5F9-EFD6-41BD-95DC-F58AC2733554}.Release|Any CPU.Build.0 = Release|Any CPU
		{87305103-12AB-4F63-9747-6502C4490C95}.Debug|Any CPU.ActiveCfg = Debug|Any CPU
		{87305103-12AB-4F63-9747-6502C4490C95}.Debug|Any CPU.Build.0 = Debug|Any CPU
		{87305103-12AB-4F63-9747-6502C4490C95}.Release|Any CPU.ActiveCfg = Release|Any CPU
		{87305103-12AB-4F63-9747-6502C4490C95}.Release|Any CPU.Build.0 = Release|Any CPU
		{9623BEF1-AD6F-4632-AC79-707A453ABD77}.Debug|Any CPU.ActiveCfg = Debug|Any CPU
		{9623BEF1-AD6F-4632-AC79-707A453ABD77}.Debug|Any CPU.Build.0 = Debug|Any CPU
		{9623BEF1-AD6F-4632-AC79-707A453ABD77}.Release|Any CPU.ActiveCfg = Release|Any CPU
		{9623BEF1-AD6F-4632-AC79-707A453ABD77}.Release|Any CPU.Build.0 = Release|Any CPU
	EndGlobalSection
	GlobalSection(SolutionProperties) = preSolution
		HideSolutionNode = FALSE
	EndGlobalSection
	GlobalSection(ExtensibilityGlobals) = postSolution
		SolutionGuid = {ACCDFC1F-7635-42F4-AC67-F48DBC9ED702}
	EndGlobalSection
EndGlobal
